schema: '2.0'
stages:
  load_aoi:
    cmd: python -m data_preparation.pipeline.01_aoi
    deps:
    - path: configs/config.yaml
      hash: md5
      md5: d2e83351a5597706a7751e3e94cf654f
      size: 570
    - path: configs/data_preparation/aoi.yaml
      hash: md5
      md5: f3ab4bc20a6a27dad8f9cc7355f63eac
      size: 173
    - path: data/natural-earth/ne_10m_admin_0_countries.geojson
      hash: md5
      md5: 33d2b3758f0b60dc3600961df4fff2ff
      size: 13287234
    - path: data_preparation/pipeline/01_aoi.py
      hash: md5
      md5: 903fa0c6209c64619a65c728a9621aaa
      size: 3915
    params:
      configs/data_preparation/aoi.yaml:
        iso_a3:
        name:
        - France
        - Germany
        - Belgium
        - Netherlands
        - Italy
        - Spain
        - Greece
        source: data/natural-earth/ne_10m_admin_0_countries.geojson
        subregion:
    outs:
    - path: data/aoi.geojson
      hash: md5
      md5: 41a16a9b4cb325721ecda11ee61f98a7
      size: 346829
  generate_grid:
    cmd: python -m data_preparation.pipeline.02_grid
    deps:
    - path: configs/config.yaml
      hash: md5
      md5: d2e83351a5597706a7751e3e94cf654f
      size: 570
    - path: configs/data_preparation/preprocessing.yaml
      hash: md5
      md5: 27f578e9b546a50a14dc3e18506fbf72
      size: 34
    - path: data/aoi.geojson
      hash: md5
      md5: 41a16a9b4cb325721ecda11ee61f98a7
      size: 346829
    - path: data_preparation/load_data/processors.py
      hash: md5
      md5: 202cec09b5bebc76f2537b7bd93828e3
      size: 3866
    - path: data_preparation/pipeline/02_grid.py
      hash: md5
      md5: dcff566ee476d29a400a9551f56c094f
      size: 1667
    params:
      configs/data_preparation/preprocessing.yaml:
        grid_size_km: 25
        resolution_m: 10
    outs:
    - path: data/grid.gpkg
      hash: md5
      md5: 85ba7c1349e9366afbf1cf09bd01ae32
      size: 806912
  select_tiles:
    cmd: python -m data_preparation.pipeline.03_select_tiles
    deps:
    - path: configs/config.yaml
      hash: md5
      md5: d2e83351a5597706a7751e3e94cf654f
      size: 570
    - path: configs/data_preparation/sampling.yaml
      hash: md5
      md5: 71596d11c96d8ef9630f87ae84433a38
      size: 101
    - path: data/grid.gpkg
      hash: md5
      md5: 85ba7c1349e9366afbf1cf09bd01ae32
      size: 806912
    - path: data_preparation/load_data/processors.py
      hash: md5
      md5: 202cec09b5bebc76f2537b7bd93828e3
      size: 3866
    - path: data_preparation/pipeline/03_select_tiles.py
      hash: md5
      md5: d0c157aefe16677511e62ee4dde06fae
      size: 874
    params:
      configs/data_preparation/sampling.yaml:
        country_key: iso_a3
        enabled: true
        per_country_min: 50
        seed: 42
        total_tiles: 2500
        weight_power: 1.0
    outs:
    - path: data/grid_selected.gpkg
      hash: md5
      md5: f9dd4eae942cb6bc4624a7713e4904e1
      size: 700416
  download_imagery:
    cmd: python -m data_preparation.pipeline.04_download
    deps:
    - path: configs/config.yaml
      hash: md5
      md5: d2e83351a5597706a7751e3e94cf654f
      size: 570
    - path: configs/data_preparation/download.yaml
      hash: md5
      md5: 79c43011e96b0b86412a9a336256062d
      size: 75
    - path: configs/data_preparation/preprocessing.yaml
      hash: md5
      md5: 27f578e9b546a50a14dc3e18506fbf72
      size: 34
    - path: data/grid_selected.gpkg
      hash: md5
      md5: f9dd4eae942cb6bc4624a7713e4904e1
      size: 700416
    - path: data_preparation/load_data/loader.py
      hash: md5
      md5: ff229ac635c352d7d48212e9aa6e2bfd
      size: 10010
    - path: data_preparation/pipeline/04_download.py
      hash: md5
      md5: a99c0420ac20440194ef8d481b07c7b7
      size: 1462
    params:
      configs/data_preparation/download.yaml:
        end_date: '2021-09-30'
        output_dir: data/imagery
        start_date: '2021-05-01'
      configs/data_preparation/preprocessing.yaml:
        grid_size_km: 25
        resolution_m: 10
    outs:
    - path: data/imagery
      hash: md5
      md5: b6f442aa92090f42df1be912148f483d.dir
      size: 129825225810
      nfiles: 12500
  generate_labels:
    cmd: python -m data_preparation.pipeline.05_label
    deps:
    - path: configs/config.yaml
      hash: md5
      md5: d2e83351a5597706a7751e3e94cf654f
      size: 570
    - path: configs/data_preparation/download.yaml
      hash: md5
      md5: 79c43011e96b0b86412a9a336256062d
      size: 75
    - path: configs/data_preparation/labels.yaml
      hash: md5
      md5: a0d58fb97502a1c79916fffd0b637f99
      size: 61
    - path: data/imagery
      hash: md5
      md5: b6f442aa92090f42df1be912148f483d.dir
      size: 129825225810
      nfiles: 12500
    - path: data/worldcover/v200/2021/esa_worldcover_grid.geojson
      hash: md5
      md5: ff83a264e6364861d4e71681b868f886
      size: 543674
    - path: data_preparation/pipeline/05_label.py
      hash: md5
      md5: 986c8280c0a0d825568de54e3f965eae
      size: 2453
    params:
      configs/data_preparation/download.yaml:
        end_date: '2021-09-30'
        output_dir: data/imagery
        start_date: '2021-05-01'
      configs/data_preparation/labels.yaml:
        cache_dir: data/worldcover/cache
        output_dir: data/labels
    outs:
    - path: data/labels
      hash: md5
      md5: f85d92f5d6ad5b2391b8e91ddee6c9f1.dir
      size: 1266566512
      nfiles: 2500
  patchify:
    cmd: python -m data_preparation.pipeline.06_patchify
    deps:
    - path: configs/config.yaml
      hash: md5
      md5: d2e83351a5597706a7751e3e94cf654f
      size: 570
    - path: configs/data_preparation/patchify.yaml
      hash: md5
      md5: b110492baede4a49f15ca89b91ea2180
      size: 214
    - path: data/imagery
      hash: md5
      md5: b6f442aa92090f42df1be912148f483d.dir
      size: 129825225810
      nfiles: 12500
    - path: data/labels
      hash: md5
      md5: f85d92f5d6ad5b2391b8e91ddee6c9f1.dir
      size: 1266566512
      nfiles: 2500
    - path: data_preparation/patchify/io.py
      hash: md5
      md5: 09b085bd28abb7a9c2b0737a214d5742
      size: 2541
    - path: data_preparation/pipeline/06_patchify.py
      hash: md5
      md5: 5f6e518e0fd6416cc3212b7f77854bda
      size: 6479
    - path: utils/logging.py
      hash: md5
      md5: 1dac22996abdf585b3308278ad1fc5a3
      size: 966
    params:
      configs/data_preparation/patchify.yaml:
        compression: LZW
        imagery_root: data/imagery
        labels_name: labels.tif
        labels_root: data/labels
        mask_name: mask.tif
        output_root: data/patches
        patch_size: 256
        scl_name: scl.tif
        spectral_name: spectral.tif
        stride: 256
    outs:
    - path: data/patches
      hash: md5
      md5: 71a8e2eb99eb0b9ecf0517f32ce09a91.dir
      size: 168641348171
      nfiles: 405001
  build_index:
    cmd: python -m data_preparation.pipeline.07_build_index
      ++index.num_workers=8
    deps:
    - path: configs/config.yaml
      hash: md5
      md5: d2e83351a5597706a7751e3e94cf654f
      size: 570
    - path: configs/data_preparation/index.yaml
      hash: md5
      md5: 9cb177a5f94c3fb07e9e006e83b4aac6
      size: 328
    - path: data/aoi.geojson
      hash: md5
      md5: 41a16a9b4cb325721ecda11ee61f98a7
      size: 346829
    - path: data/imagery
      hash: md5
      md5: b6f442aa92090f42df1be912148f483d.dir
      size: 129825225810
      nfiles: 12500
    - path: data/labels
      hash: md5
      md5: f85d92f5d6ad5b2391b8e91ddee6c9f1.dir
      size: 1266566512
      nfiles: 2500
    - path: data/patches
      hash: md5
      md5: 71a8e2eb99eb0b9ecf0517f32ce09a91.dir
      size: 168641348171
      nfiles: 405001
    - path: data_preparation/index/utils.py
      hash: md5
      md5: 80a04e7ac511aea7a234bc9b0a8a3138
      size: 1376
    - path: data_preparation/patchify/io.py
      hash: md5
      md5: 09b085bd28abb7a9c2b0737a214d5742
      size: 2541
    - path: data_preparation/patchify/stats.py
      hash: md5
      md5: e811ea72ba3491e9e04febb4ba7168fd
      size: 1248
    - path: data_preparation/pipeline/07_build_index.py
      hash: md5
      md5: d06ca7890d2048721aaf14bb639e2b17
      size: 8894
    - path: utils/logging.py
      hash: md5
      md5: 1dac22996abdf585b3308278ad1fc5a3
      size: 966
    params:
      configs/data_preparation/index.yaml:
        aoi_path: data/aoi.geojson
        cloud_scl_codes:
        - 9
        - 10
        - 11
        dataset_index_path: data/index/dataset_index.csv
        ignore_label_values:
        - 0
        imagery_root: data/imagery
        labels_name: labels.tif
        labels_root: data/labels
        mask_name: mask.tif
        output_root: data/patches
        patch_size: 256
        scl_name: scl.tif
        spectral_name: spectral.tif
        stride: 256
    outs:
    - path: data/index/dataset_index.csv
      hash: md5
      md5: 2dedbfc8bc73dc244d3b13c3f3b576a7
      size: 147299065
  assign_splits:
    cmd: python -m data_preparation.pipeline.08_assign_splits
    deps:
    - path: configs/config.yaml
      hash: md5
      md5: d2e83351a5597706a7751e3e94cf654f
      size: 570
    - path: configs/data_preparation/split.yaml
      hash: md5
      md5: c8176f104072e0dfe8bfe5bd8688e044
      size: 356
    - path: data/aoi.geojson
      hash: md5
      md5: 41a16a9b4cb325721ecda11ee61f98a7
      size: 346829
    - path: data/index/dataset_index.csv
      hash: md5
      md5: 2dedbfc8bc73dc244d3b13c3f3b576a7
      size: 147299065
    - path: data_preparation/index/hash_split.py
      hash: md5
      md5: 6d5b13007701892abf8fdb9e77fd10f2
      size: 1234
    - path: data_preparation/pipeline/08_assign_splits.py
      hash: md5
      md5: f8c92691254e74715ae2d8b6fd52feb3
      size: 5393
    params:
      configs/data_preparation/split.yaml:
        config:
        - name: iid
          countries:
          - France
          - Germany
          - Belgium
          - Netherlands
          splits:
            train: 0.7
            val: 0.15
            test: 0.15
        - name: ood
          countries:
          - Italy
          - Spain
          - Greece
          splits:
            ood: 1.0
        input_csv: data/index/dataset_index.csv
        output_csv: data/index/dataset_index_with_split.csv
        output_dir: data/index
        seed: 42
    outs:
    - path: data/index/dataset_index_with_split.csv
      hash: md5
      md5: 79d2f3f50c9c4b23054586d7635857f1
      size: 161430520
    - path: data/index/ood_index.csv
      hash: md5
      md5: ed794fcbe2591923e1b6214a97da865a
      size: 75509983
    - path: data/index/test_index.csv
      hash: md5
      md5: 5ce93e50b773ecd664f7d1e6463e95b5
      size: 12805874
    - path: data/index/train_index.csv
      hash: md5
      md5: edd01bc6786295f57e3f83da80122a4b
      size: 60179966
    - path: data/index/val_index.csv
      hash: md5
      md5: cd4451349481cdf34b58fe888ff2e1ab
      size: 12935402
  compute_norm_stats:
    cmd: python -m data_preparation.pipeline.09_compute_norm_stats
    deps:
    - path: configs/config.yaml
      hash: md5
      md5: d2e83351a5597706a7751e3e94cf654f
      size: 570
    - path: configs/data_preparation/norm_stats.yaml
      hash: md5
      md5: 7d9e38b40392d6dfb9178662cbe2495c
      size: 288
    - path: data/index/dataset_index_with_split.csv
      hash: md5
      md5: 79d2f3f50c9c4b23054586d7635857f1
      size: 161430520
    - path: data_preparation/pipeline/09_compute_norm_stats.py
      hash: md5
      md5: a709a3d771867314a1183027f4e9ad46
      size: 8489
    params:
      configs/data_preparation/norm_stats.yaml:
        bands:
        - B02
        - B03
        - B04
        - B08
        cloud_fraction_max: 0.2
        input_index: data/index/dataset_index_with_split.csv
        output_path: data/stats/norm_stats.json
        sampling:
          n_patches: 2000
          strategy: stratified
          stratify_by: country
          min_per_strata: 50
          seed: 42
        split_name: train
    outs:
    - path: data/stats/norm_stats.json
      hash: md5
      md5: f8cc75ef5c99f1e4ff09281c5e165f9b
      size: 554
