schema: '2.0'
stages:
  load_aoi:
    cmd: python -m scripts.load_data.pipeline.01_aoi
    deps:
    - path: conf/load_data/params.yaml
      hash: md5
      md5: fb6817a54c4c037a42af30466000e9b1
      size: 452
    - path: data/natural-earth/ne_10m_admin_0_countries.geojson
      hash: md5
      md5: 33d2b3758f0b60dc3600961df4fff2ff
      size: 13287234
    - path: scripts/load_data/pipeline/01_aoi.py
      hash: md5
      md5: 1860077c7ed6ae51deb5637e019583ac
      size: 3946
    params:
      conf/load_data/params.yaml:
        aoi:
          name:
          - Liechtenstein
          subregion:
          iso_a3:
          source: data/natural-earth/ne_10m_admin_0_countries.geojson
    outs:
    - path: data/aoi.geojson
      hash: md5
      md5: 4886a839b66f9eb486a507504718f53f
      size: 1082
  generate_grid:
    cmd: python -m scripts.load_data.pipeline.02_grid
    deps:
    - path: conf/load_data/params.yaml
      hash: md5
      md5: fb6817a54c4c037a42af30466000e9b1
      size: 452
    - path: data/aoi.geojson
      hash: md5
      md5: 4886a839b66f9eb486a507504718f53f
      size: 1082
    - path: scripts/load_data/pipeline/02_grid.py
      hash: md5
      md5: fe8385893e0109e691aca7368f116295
      size: 1591
    params:
      conf/load_data/params.yaml:
        preprocessing:
          grid_size_km: 10
          resolution_m: 10
    outs:
    - path: data/grid.geojson
      hash: md5
      md5: b612a3a9f6459a1893cc7bde1e20e975
      size: 1016
  download_imagery:
    cmd: python -m scripts.load_data.pipeline.03_download
    deps:
    - path: conf/load_data/params.yaml
      hash: md5
      md5: fb6817a54c4c037a42af30466000e9b1
      size: 452
    - path: data/grid.geojson
      hash: md5
      md5: b612a3a9f6459a1893cc7bde1e20e975
      size: 1016
    - path: scripts/load_data/loader.py
      hash: md5
      md5: 5f3938ebf19bdce71b09649ca335a2c6
      size: 10412
    - path: scripts/load_data/pipeline/03_download.py
      hash: md5
      md5: 84b19ef293887a18b2bd3dd84a37885c
      size: 1391
    params:
      conf/load_data/params.yaml:
        download:
          start_date: '2021-05-01'
          end_date: '2021-09-30'
          output_dir: data/imagery
        preprocessing:
          grid_size_km: 10
          resolution_m: 10
    outs:
    - path: data/imagery
      hash: md5
      md5: 5f04bcdb8dbb68a2eb3f1cdc43f766f8.dir
      size: 70603
      nfiles: 10
  generate_labels:
    cmd: python -m scripts.load_data.pipeline.04_label
    deps:
    - path: conf/load_data/params.yaml
      hash: md5
      md5: fb6817a54c4c037a42af30466000e9b1
      size: 452
    - path: data/imagery
      hash: md5
      md5: 5f04bcdb8dbb68a2eb3f1cdc43f766f8.dir
      size: 70603
      nfiles: 10
    - path: data/worldcover/v200/2021/esa_worldcover_grid.geojson
      hash: md5
      md5: ff83a264e6364861d4e71681b868f886
      size: 543674
    - path: scripts/load_data/pipeline/04_label.py
      hash: md5
      md5: de45227130a13102eaba87a6f4452a93
      size: 2965
    params:
      conf/load_data/params.yaml:
        download:
          start_date: '2021-05-01'
          end_date: '2021-09-30'
          output_dir: data/imagery
        labels:
          version: v200
          output_dir: data/labels
          cache_dir: data/worldcover/cache
    outs:
    - path: data/labels
      hash: md5
      md5: cba4e0fed39607b550ad1c5f2e429e16.dir
      size: 174475
      nfiles: 2
